// !$*UTF8*$!
{
	archiveVersion = 1;
	classes = {
	};
	objectVersion = 46;
	objects = {

/* Begin PBXBuildFile section */
		BEC3EBCB1AE930EA00CB4EF7 /* AppDelegate.swift in Sources */ = {isa = PBXBuildFile; fileRef = BEC3EBCA1AE930EA00CB4EF7 /* AppDelegate.swift */; };
		BEC3EBD21AE930EA00CB4EF7 /* Images.xcassets in Resources */ = {isa = PBXBuildFile; fileRef = BEC3EBD11AE930EA00CB4EF7 /* Images.xcassets */; };
		BEC3EBD51AE930EA00CB4EF7 /* LaunchScreen.xib in Resources */ = {isa = PBXBuildFile; fileRef = BEC3EBD31AE930EA00CB4EF7 /* LaunchScreen.xib */; };
		BEC3EBE11AE930EB00CB4EF7 /* SoundTouchTests.swift in Sources */ = {isa = PBXBuildFile; fileRef = BEC3EBE01AE930EB00CB4EF7 /* SoundTouchTests.swift */; };
		BEC3EBFC1AE939E900CB4EF7 /* tb_animal.png in Resources */ = {isa = PBXBuildFile; fileRef = BEC3EBF91AE939E900CB4EF7 /* tb_animal.png */; };
		BEC3EBFD1AE939E900CB4EF7 /* tb_instrusment.png in Resources */ = {isa = PBXBuildFile; fileRef = BEC3EBFA1AE939E900CB4EF7 /* tb_instrusment.png */; };
		BEC3EBFE1AE939E900CB4EF7 /* tb_vehicle.png in Resources */ = {isa = PBXBuildFile; fileRef = BEC3EBFB1AE939E900CB4EF7 /* tb_vehicle.png */; };
		BEC3EC001AE93C7400CB4EF7 /* placeholder.png in Resources */ = {isa = PBXBuildFile; fileRef = BEC3EBFF1AE93C7400CB4EF7 /* placeholder.png */; };
		BEC3EC031AE93E5E00CB4EF7 /* CollectionViewCell.swift in Sources */ = {isa = PBXBuildFile; fileRef = BEC3EC021AE93E5E00CB4EF7 /* CollectionViewCell.swift */; };
		BEC3EC0C1AE9508A00CB4EF7 /* BaseViewController.swift in Sources */ = {isa = PBXBuildFile; fileRef = BEC3EC0A1AE9508A00CB4EF7 /* BaseViewController.swift */; };
		BEC3EC0D1AE9508A00CB4EF7 /* BaseViewController.xib in Resources */ = {isa = PBXBuildFile; fileRef = BEC3EC0B1AE9508A00CB4EF7 /* BaseViewController.xib */; };
		BEC3EC2E1AE95E3A00CB4EF7 /* AsyncButton.swift in Sources */ = {isa = PBXBuildFile; fileRef = BEC3EC101AE95E3A00CB4EF7 /* AsyncButton.swift */; };
		BEC3EC2F1AE95E3A00CB4EF7 /* AsyncImageView.swift in Sources */ = {isa = PBXBuildFile; fileRef = BEC3EC111AE95E3A00CB4EF7 /* AsyncImageView.swift */; };
		BEC3EC301AE95E3A00CB4EF7 /* AutoTextView.swift in Sources */ = {isa = PBXBuildFile; fileRef = BEC3EC121AE95E3A00CB4EF7 /* AutoTextView.swift */; };
		BEC3EC311AE95E3A00CB4EF7 /* BlurView.swift in Sources */ = {isa = PBXBuildFile; fileRef = BEC3EC131AE95E3A00CB4EF7 /* BlurView.swift */; };
		BEC3EC321AE95E3A00CB4EF7 /* DesignableButton.swift in Sources */ = {isa = PBXBuildFile; fileRef = BEC3EC141AE95E3A00CB4EF7 /* DesignableButton.swift */; };
		BEC3EC331AE95E3A00CB4EF7 /* DesignableImageView.swift in Sources */ = {isa = PBXBuildFile; fileRef = BEC3EC151AE95E3A00CB4EF7 /* DesignableImageView.swift */; };
		BEC3EC341AE95E3A00CB4EF7 /* DesignableLabel.swift in Sources */ = {isa = PBXBuildFile; fileRef = BEC3EC161AE95E3A00CB4EF7 /* DesignableLabel.swift */; };
		BEC3EC351AE95E3A00CB4EF7 /* DesignableTabBarController.swift in Sources */ = {isa = PBXBuildFile; fileRef = BEC3EC171AE95E3A00CB4EF7 /* DesignableTabBarController.swift */; };
		BEC3EC361AE95E3A00CB4EF7 /* DesignableTextField.swift in Sources */ = {isa = PBXBuildFile; fileRef = BEC3EC181AE95E3A00CB4EF7 /* DesignableTextField.swift */; };
		BEC3EC371AE95E3A00CB4EF7 /* DesignableTextView.swift in Sources */ = {isa = PBXBuildFile; fileRef = BEC3EC191AE95E3A00CB4EF7 /* DesignableTextView.swift */; };
		BEC3EC381AE95E3A00CB4EF7 /* DesignableView.swift in Sources */ = {isa = PBXBuildFile; fileRef = BEC3EC1A1AE95E3A00CB4EF7 /* DesignableView.swift */; };
		BEC3EC391AE95E3A00CB4EF7 /* ImageLoader.swift in Sources */ = {isa = PBXBuildFile; fileRef = BEC3EC1B1AE95E3A00CB4EF7 /* ImageLoader.swift */; };
		BEC3EC3A1AE95E3A00CB4EF7 /* Info.plist in Resources */ = {isa = PBXBuildFile; fileRef = BEC3EC1C1AE95E3A00CB4EF7 /* Info.plist */; };
		BEC3EC3B1AE95E3A00CB4EF7 /* KeyboardLayoutConstraint.swift in Sources */ = {isa = PBXBuildFile; fileRef = BEC3EC1D1AE95E3A00CB4EF7 /* KeyboardLayoutConstraint.swift */; };
		BEC3EC3C1AE95E3A00CB4EF7 /* LoadingView.swift in Sources */ = {isa = PBXBuildFile; fileRef = BEC3EC1E1AE95E3A00CB4EF7 /* LoadingView.swift */; };
		BEC3EC3D1AE95E3A00CB4EF7 /* LoadingView.xib in Resources */ = {isa = PBXBuildFile; fileRef = BEC3EC1F1AE95E3A00CB4EF7 /* LoadingView.xib */; };
		BEC3EC3E1AE95E3A00CB4EF7 /* Misc.swift in Sources */ = {isa = PBXBuildFile; fileRef = BEC3EC201AE95E3A00CB4EF7 /* Misc.swift */; };
		BEC3EC3F1AE95E3A00CB4EF7 /* SoundPlayer.swift in Sources */ = {isa = PBXBuildFile; fileRef = BEC3EC211AE95E3A00CB4EF7 /* SoundPlayer.swift */; };
		BEC3EC401AE95E3A00CB4EF7 /* Spring.swift in Sources */ = {isa = PBXBuildFile; fileRef = BEC3EC231AE95E3A00CB4EF7 /* Spring.swift */; };
		BEC3EC411AE95E3A00CB4EF7 /* SpringAnimation.swift in Sources */ = {isa = PBXBuildFile; fileRef = BEC3EC241AE95E3A00CB4EF7 /* SpringAnimation.swift */; };
		BEC3EC421AE95E3A00CB4EF7 /* SpringButton.swift in Sources */ = {isa = PBXBuildFile; fileRef = BEC3EC251AE95E3A00CB4EF7 /* SpringButton.swift */; };
		BEC3EC431AE95E3A00CB4EF7 /* SpringImageView.swift in Sources */ = {isa = PBXBuildFile; fileRef = BEC3EC261AE95E3A00CB4EF7 /* SpringImageView.swift */; };
		BEC3EC441AE95E3A00CB4EF7 /* SpringLabel.swift in Sources */ = {isa = PBXBuildFile; fileRef = BEC3EC271AE95E3A00CB4EF7 /* SpringLabel.swift */; };
		BEC3EC451AE95E3A00CB4EF7 /* SpringTextField.swift in Sources */ = {isa = PBXBuildFile; fileRef = BEC3EC281AE95E3A00CB4EF7 /* SpringTextField.swift */; };
		BEC3EC461AE95E3A00CB4EF7 /* SpringTextView.swift in Sources */ = {isa = PBXBuildFile; fileRef = BEC3EC291AE95E3A00CB4EF7 /* SpringTextView.swift */; };
		BEC3EC471AE95E3A00CB4EF7 /* SpringView.swift in Sources */ = {isa = PBXBuildFile; fileRef = BEC3EC2A1AE95E3A00CB4EF7 /* SpringView.swift */; };
		BEC3EC481AE95E3A00CB4EF7 /* TransitionManager.swift in Sources */ = {isa = PBXBuildFile; fileRef = BEC3EC2B1AE95E3A00CB4EF7 /* TransitionManager.swift */; };
		BEC3EC491AE95E3A00CB4EF7 /* TransitionZoom.swift in Sources */ = {isa = PBXBuildFile; fileRef = BEC3EC2C1AE95E3A00CB4EF7 /* TransitionZoom.swift */; };
		BEC3EC4A1AE95E3A00CB4EF7 /* UnwindSegue.swift in Sources */ = {isa = PBXBuildFile; fileRef = BEC3EC2D1AE95E3A00CB4EF7 /* UnwindSegue.swift */; };
		BEC3EC511AE962A800CB4EF7 /* cat.wav in Resources */ = {isa = PBXBuildFile; fileRef = BEC3EC501AE962A800CB4EF7 /* cat.wav */; };
		BEC3EC531AE962E100CB4EF7 /* data.json in Resources */ = {isa = PBXBuildFile; fileRef = BEC3EC521AE962E100CB4EF7 /* data.json */; };
/* End PBXBuildFile section */

/* Begin PBXContainerItemProxy section */
		BEC3EBDB1AE930EB00CB4EF7 /* PBXContainerItemProxy */ = {
			isa = PBXContainerItemProxy;
			containerPortal = BEC3EBBD1AE930EA00CB4EF7 /* Project object */;
			proxyType = 1;
			remoteGlobalIDString = BEC3EBC41AE930EA00CB4EF7;
			remoteInfo = SoundTouch;
		};
/* End PBXContainerItemProxy section */

/* Begin PBXFileReference section */
		BEC3EBC51AE930EA00CB4EF7 /* SoundTouch.app */ = {isa = PBXFileReference; explicitFileType = wrapper.application; includeInIndex = 0; path = SoundTouch.app; sourceTree = BUILT_PRODUCTS_DIR; };
		BEC3EBC91AE930EA00CB4EF7 /* Info.plist */ = {isa = PBXFileReference; lastKnownFileType = text.plist.xml; path = Info.plist; sourceTree = "<group>"; };
		BEC3EBCA1AE930EA00CB4EF7 /* AppDelegate.swift */ = {isa = PBXFileReference; lastKnownFileType = sourcecode.swift; path = AppDelegate.swift; sourceTree = "<group>"; };
		BEC3EBD11AE930EA00CB4EF7 /* Images.xcassets */ = {isa = PBXFileReference; lastKnownFileType = folder.assetcatalog; path = Images.xcassets; sourceTree = "<group>"; };
		BEC3EBD41AE930EA00CB4EF7 /* Base */ = {isa = PBXFileReference; lastKnownFileType = file.xib; name = Base; path = Base.lproj/LaunchScreen.xib; sourceTree = "<group>"; };
		BEC3EBDA1AE930EB00CB4EF7 /* SoundTouchTests.xctest */ = {isa = PBXFileReference; explicitFileType = wrapper.cfbundle; includeInIndex = 0; path = SoundTouchTests.xctest; sourceTree = BUILT_PRODUCTS_DIR; };
		BEC3EBDF1AE930EB00CB4EF7 /* Info.plist */ = {isa = PBXFileReference; lastKnownFileType = text.plist.xml; path = Info.plist; sourceTree = "<group>"; };
		BEC3EBE01AE930EB00CB4EF7 /* SoundTouchTests.swift */ = {isa = PBXFileReference; lastKnownFileType = sourcecode.swift; path = SoundTouchTests.swift; sourceTree = "<group>"; };
		BEC3EBF91AE939E900CB4EF7 /* tb_animal.png */ = {isa = PBXFileReference; lastKnownFileType = image.png; path = tb_animal.png; sourceTree = "<group>"; };
		BEC3EBFA1AE939E900CB4EF7 /* tb_instrusment.png */ = {isa = PBXFileReference; lastKnownFileType = image.png; path = tb_instrusment.png; sourceTree = "<group>"; };
		BEC3EBFB1AE939E900CB4EF7 /* tb_vehicle.png */ = {isa = PBXFileReference; lastKnownFileType = image.png; path = tb_vehicle.png; sourceTree = "<group>"; };
		BEC3EBFF1AE93C7400CB4EF7 /* placeholder.png */ = {isa = PBXFileReference; lastKnownFileType = image.png; path = placeholder.png; sourceTree = "<group>"; };
		BEC3EC021AE93E5E00CB4EF7 /* CollectionViewCell.swift */ = {isa = PBXFileReference; fileEncoding = 4; lastKnownFileType = sourcecode.swift; path = CollectionViewCell.swift; sourceTree = "<group>"; };
		BEC3EC0A1AE9508A00CB4EF7 /* BaseViewController.swift */ = {isa = PBXFileReference; fileEncoding = 4; lastKnownFileType = sourcecode.swift; path = BaseViewController.swift; sourceTree = "<group>"; };
		BEC3EC0B1AE9508A00CB4EF7 /* BaseViewController.xib */ = {isa = PBXFileReference; fileEncoding = 4; lastKnownFileType = file.xib; path = BaseViewController.xib; sourceTree = "<group>"; };
		BEC3EC101AE95E3A00CB4EF7 /* AsyncButton.swift */ = {isa = PBXFileReference; fileEncoding = 4; lastKnownFileType = sourcecode.swift; path = AsyncButton.swift; sourceTree = "<group>"; };
		BEC3EC111AE95E3A00CB4EF7 /* AsyncImageView.swift */ = {isa = PBXFileReference; fileEncoding = 4; lastKnownFileType = sourcecode.swift; path = AsyncImageView.swift; sourceTree = "<group>"; };
		BEC3EC121AE95E3A00CB4EF7 /* AutoTextView.swift */ = {isa = PBXFileReference; fileEncoding = 4; lastKnownFileType = sourcecode.swift; path = AutoTextView.swift; sourceTree = "<group>"; };
		BEC3EC131AE95E3A00CB4EF7 /* BlurView.swift */ = {isa = PBXFileReference; fileEncoding = 4; lastKnownFileType = sourcecode.swift; path = BlurView.swift; sourceTree = "<group>"; };
		BEC3EC141AE95E3A00CB4EF7 /* DesignableButton.swift */ = {isa = PBXFileReference; fileEncoding = 4; lastKnownFileType = sourcecode.swift; path = DesignableButton.swift; sourceTree = "<group>"; };
		BEC3EC151AE95E3A00CB4EF7 /* DesignableImageView.swift */ = {isa = PBXFileReference; fileEncoding = 4; lastKnownFileType = sourcecode.swift; path = DesignableImageView.swift; sourceTree = "<group>"; };
		BEC3EC161AE95E3A00CB4EF7 /* DesignableLabel.swift */ = {isa = PBXFileReference; fileEncoding = 4; lastKnownFileType = sourcecode.swift; path = DesignableLabel.swift; sourceTree = "<group>"; };
		BEC3EC171AE95E3A00CB4EF7 /* DesignableTabBarController.swift */ = {isa = PBXFileReference; fileEncoding = 4; lastKnownFileType = sourcecode.swift; path = DesignableTabBarController.swift; sourceTree = "<group>"; };
		BEC3EC181AE95E3A00CB4EF7 /* DesignableTextField.swift */ = {isa = PBXFileReference; fileEncoding = 4; lastKnownFileType = sourcecode.swift; path = DesignableTextField.swift; sourceTree = "<group>"; };
		BEC3EC191AE95E3A00CB4EF7 /* DesignableTextView.swift */ = {isa = PBXFileReference; fileEncoding = 4; lastKnownFileType = sourcecode.swift; path = DesignableTextView.swift; sourceTree = "<group>"; };
		BEC3EC1A1AE95E3A00CB4EF7 /* DesignableView.swift */ = {isa = PBXFileReference; fileEncoding = 4; lastKnownFileType = sourcecode.swift; path = DesignableView.swift; sourceTree = "<group>"; };
		BEC3EC1B1AE95E3A00CB4EF7 /* ImageLoader.swift */ = {isa = PBXFileReference; fileEncoding = 4; lastKnownFileType = sourcecode.swift; path = ImageLoader.swift; sourceTree = "<group>"; };
		BEC3EC1C1AE95E3A00CB4EF7 /* Info.plist */ = {isa = PBXFileReference; fileEncoding = 4; lastKnownFileType = text.plist.xml; path = Info.plist; sourceTree = "<group>"; };
		BEC3EC1D1AE95E3A00CB4EF7 /* KeyboardLayoutConstraint.swift */ = {isa = PBXFileReference; fileEncoding = 4; lastKnownFileType = sourcecode.swift; path = KeyboardLayoutConstraint.swift; sourceTree = "<group>"; };
		BEC3EC1E1AE95E3A00CB4EF7 /* LoadingView.swift */ = {isa = PBXFileReference; fileEncoding = 4; lastKnownFileType = sourcecode.swift; path = LoadingView.swift; sourceTree = "<group>"; };
		BEC3EC1F1AE95E3A00CB4EF7 /* LoadingView.xib */ = {isa = PBXFileReference; fileEncoding = 4; lastKnownFileType = file.xib; path = LoadingView.xib; sourceTree = "<group>"; };
		BEC3EC201AE95E3A00CB4EF7 /* Misc.swift */ = {isa = PBXFileReference; fileEncoding = 4; lastKnownFileType = sourcecode.swift; path = Misc.swift; sourceTree = "<group>"; };
		BEC3EC211AE95E3A00CB4EF7 /* SoundPlayer.swift */ = {isa = PBXFileReference; fileEncoding = 4; lastKnownFileType = sourcecode.swift; path = SoundPlayer.swift; sourceTree = "<group>"; };
		BEC3EC221AE95E3A00CB4EF7 /* Spring.h */ = {isa = PBXFileReference; fileEncoding = 4; lastKnownFileType = sourcecode.c.h; path = Spring.h; sourceTree = "<group>"; };
		BEC3EC231AE95E3A00CB4EF7 /* Spring.swift */ = {isa = PBXFileReference; fileEncoding = 4; lastKnownFileType = sourcecode.swift; path = Spring.swift; sourceTree = "<group>"; };
		BEC3EC241AE95E3A00CB4EF7 /* SpringAnimation.swift */ = {isa = PBXFileReference; fileEncoding = 4; lastKnownFileType = sourcecode.swift; path = SpringAnimation.swift; sourceTree = "<group>"; };
		BEC3EC251AE95E3A00CB4EF7 /* SpringButton.swift */ = {isa = PBXFileReference; fileEncoding = 4; lastKnownFileType = sourcecode.swift; path = SpringButton.swift; sourceTree = "<group>"; };
		BEC3EC261AE95E3A00CB4EF7 /* SpringImageView.swift */ = {isa = PBXFileReference; fileEncoding = 4; lastKnownFileType = sourcecode.swift; path = SpringImageView.swift; sourceTree = "<group>"; };
		BEC3EC271AE95E3A00CB4EF7 /* SpringLabel.swift */ = {isa = PBXFileReference; fileEncoding = 4; lastKnownFileType = sourcecode.swift; path = SpringLabel.swift; sourceTree = "<group>"; };
		BEC3EC281AE95E3A00CB4EF7 /* SpringTextField.swift */ = {isa = PBXFileReference; fileEncoding = 4; lastKnownFileType = sourcecode.swift; path = SpringTextField.swift; sourceTree = "<group>"; };
		BEC3EC291AE95E3A00CB4EF7 /* SpringTextView.swift */ = {isa = PBXFileReference; fileEncoding = 4; lastKnownFileType = sourcecode.swift; path = SpringTextView.swift; sourceTree = "<group>"; };
		BEC3EC2A1AE95E3A00CB4EF7 /* SpringView.swift */ = {isa = PBXFileReference; fileEncoding = 4; lastKnownFileType = sourcecode.swift; path = SpringView.swift; sourceTree = "<group>"; };
		BEC3EC2B1AE95E3A00CB4EF7 /* TransitionManager.swift */ = {isa = PBXFileReference; fileEncoding = 4; lastKnownFileType = sourcecode.swift; path = TransitionManager.swift; sourceTree = "<group>"; };
		BEC3EC2C1AE95E3A00CB4EF7 /* TransitionZoom.swift */ = {isa = PBXFileReference; fileEncoding = 4; lastKnownFileType = sourcecode.swift; path = TransitionZoom.swift; sourceTree = "<group>"; };
		BEC3EC2D1AE95E3A00CB4EF7 /* UnwindSegue.swift */ = {isa = PBXFileReference; fileEncoding = 4; lastKnownFileType = sourcecode.swift; path = UnwindSegue.swift; sourceTree = "<group>"; };
		BEC3EC501AE962A800CB4EF7 /* cat.wav */ = {isa = PBXFileReference; lastKnownFileType = audio.wav; path = cat.wav; sourceTree = "<group>"; };
		BEC3EC521AE962E100CB4EF7 /* data.json */ = {isa = PBXFileReference; fileEncoding = 4; lastKnownFileType = text.json; path = data.json; sourceTree = "<group>"; };
/* End PBXFileReference section */

/* Begin PBXFrameworksBuildPhase section */
		BEC3EBC21AE930EA00CB4EF7 /* Frameworks */ = {
			isa = PBXFrameworksBuildPhase;
			buildActionMask = 2147483647;
			files = (
			);
			runOnlyForDeploymentPostprocessing = 0;
		};
		BEC3EBD71AE930EB00CB4EF7 /* Frameworks */ = {
			isa = PBXFrameworksBuildPhase;
			buildActionMask = 2147483647;
			files = (
			);
			runOnlyForDeploymentPostprocessing = 0;
		};
/* End PBXFrameworksBuildPhase section */

/* Begin PBXGroup section */
		BEC3EBBC1AE930EA00CB4EF7 = {
			isa = PBXGroup;
			children = (
				BEC3EBC71AE930EA00CB4EF7 /* SoundTouch */,
				BEC3EBDD1AE930EB00CB4EF7 /* SoundTouchTests */,
				BEC3EBC61AE930EA00CB4EF7 /* Products */,
			);
			sourceTree = "<group>";
		};
		BEC3EBC61AE930EA00CB4EF7 /* Products */ = {
			isa = PBXGroup;
			children = (
				BEC3EBC51AE930EA00CB4EF7 /* SoundTouch.app */,
				BEC3EBDA1AE930EB00CB4EF7 /* SoundTouchTests.xctest */,
			);
			name = Products;
			sourceTree = "<group>";
		};
		BEC3EBC71AE930EA00CB4EF7 /* SoundTouch */ = {
			isa = PBXGroup;
			children = (
				BEC3EC0E1AE95E3A00CB4EF7 /* Library */,
				BEC3EBEA1AE9333A00CB4EF7 /* Controller */,
				BEC3EBF01AE935A200CB4EF7 /* Resource */,
				BEC3EBD11AE930EA00CB4EF7 /* Images.xcassets */,
				BEC3EBC81AE930EA00CB4EF7 /* Supporting Files */,
			);
			path = SoundTouch;
			sourceTree = "<group>";
		};
		BEC3EBC81AE930EA00CB4EF7 /* Supporting Files */ = {
			isa = PBXGroup;
			children = (
				BEC3EBD31AE930EA00CB4EF7 /* LaunchScreen.xib */,
				BEC3EBCA1AE930EA00CB4EF7 /* AppDelegate.swift */,
				BEC3EBC91AE930EA00CB4EF7 /* Info.plist */,
			);
			name = "Supporting Files";
			sourceTree = "<group>";
		};
		BEC3EBDD1AE930EB00CB4EF7 /* SoundTouchTests */ = {
			isa = PBXGroup;
			children = (
				BEC3EBE01AE930EB00CB4EF7 /* SoundTouchTests.swift */,
				BEC3EBDE1AE930EB00CB4EF7 /* Supporting Files */,
			);
			path = SoundTouchTests;
			sourceTree = "<group>";
		};
		BEC3EBDE1AE930EB00CB4EF7 /* Supporting Files */ = {
			isa = PBXGroup;
			children = (
				BEC3EBDF1AE930EB00CB4EF7 /* Info.plist */,
			);
			name = "Supporting Files";
			sourceTree = "<group>";
		};
		BEC3EBEA1AE9333A00CB4EF7 /* Controller */ = {
			isa = PBXGroup;
			children = (
				BEC3EBEB1AE9333A00CB4EF7 /* BaseViewController */,
			);
			path = Controller;
			sourceTree = "<group>";
		};
		BEC3EBEB1AE9333A00CB4EF7 /* BaseViewController */ = {
			isa = PBXGroup;
			children = (
				BEC3EC011AE93E3A00CB4EF7 /* CollectionViewCell */,
				BEC3EC0A1AE9508A00CB4EF7 /* BaseViewController.swift */,
				BEC3EC0B1AE9508A00CB4EF7 /* BaseViewController.xib */,
			);
			path = BaseViewController;
			sourceTree = "<group>";
		};
		BEC3EBF01AE935A200CB4EF7 /* Resource */ = {
			isa = PBXGroup;
			children = (
				BEC3EBF21AE935A200CB4EF7 /* Sound */,
				BEC3EBF11AE935A200CB4EF7 /* Image */,
				BEC3EC521AE962E100CB4EF7 /* data.json */,
			);
			path = Resource;
			sourceTree = "<group>";
		};
		BEC3EBF11AE935A200CB4EF7 /* Image */ = {
			isa = PBXGroup;
			children = (
				BEC3EBFF1AE93C7400CB4EF7 /* placeholder.png */,
				BEC3EBF91AE939E900CB4EF7 /* tb_animal.png */,
				BEC3EBFA1AE939E900CB4EF7 /* tb_instrusment.png */,
				BEC3EBFB1AE939E900CB4EF7 /* tb_vehicle.png */,
			);
			path = Image;
			sourceTree = "<group>";
		};
		BEC3EBF21AE935A200CB4EF7 /* Sound */ = {
			isa = PBXGroup;
			children = (
				BEC3EC501AE962A800CB4EF7 /* cat.wav */,
			);
			path = Sound;
			sourceTree = "<group>";
		};
		BEC3EC011AE93E3A00CB4EF7 /* CollectionViewCell */ = {
			isa = PBXGroup;
			children = (
				BEC3EC021AE93E5E00CB4EF7 /* CollectionViewCell.swift */,
			);
			name = CollectionViewCell;
			sourceTree = "<group>";
		};
		BEC3EC0E1AE95E3A00CB4EF7 /* Library */ = {
			isa = PBXGroup;
			children = (
				BEC3EC0F1AE95E3A00CB4EF7 /* Spring */,
			);
			path = Library;
			sourceTree = "<group>";
		};
		BEC3EC0F1AE95E3A00CB4EF7 /* Spring */ = {
			isa = PBXGroup;
			children = (
				BEC3EC101AE95E3A00CB4EF7 /* AsyncButton.swift */,
				BEC3EC111AE95E3A00CB4EF7 /* AsyncImageView.swift */,
				BEC3EC121AE95E3A00CB4EF7 /* AutoTextView.swift */,
				BEC3EC131AE95E3A00CB4EF7 /* BlurView.swift */,
				BEC3EC141AE95E3A00CB4EF7 /* DesignableButton.swift */,
				BEC3EC151AE95E3A00CB4EF7 /* DesignableImageView.swift */,
				BEC3EC161AE95E3A00CB4EF7 /* DesignableLabel.swift */,
				BEC3EC171AE95E3A00CB4EF7 /* DesignableTabBarController.swift */,
				BEC3EC181AE95E3A00CB4EF7 /* DesignableTextField.swift */,
				BEC3EC191AE95E3A00CB4EF7 /* DesignableTextView.swift */,
				BEC3EC1A1AE95E3A00CB4EF7 /* DesignableView.swift */,
				BEC3EC1B1AE95E3A00CB4EF7 /* ImageLoader.swift */,
				BEC3EC1C1AE95E3A00CB4EF7 /* Info.plist */,
				BEC3EC1D1AE95E3A00CB4EF7 /* KeyboardLayoutConstraint.swift */,
				BEC3EC1E1AE95E3A00CB4EF7 /* LoadingView.swift */,
				BEC3EC1F1AE95E3A00CB4EF7 /* LoadingView.xib */,
				BEC3EC201AE95E3A00CB4EF7 /* Misc.swift */,
				BEC3EC211AE95E3A00CB4EF7 /* SoundPlayer.swift */,
				BEC3EC221AE95E3A00CB4EF7 /* Spring.h */,
				BEC3EC231AE95E3A00CB4EF7 /* Spring.swift */,
				BEC3EC241AE95E3A00CB4EF7 /* SpringAnimation.swift */,
				BEC3EC251AE95E3A00CB4EF7 /* SpringButton.swift */,
				BEC3EC261AE95E3A00CB4EF7 /* SpringImageView.swift */,
				BEC3EC271AE95E3A00CB4EF7 /* SpringLabel.swift */,
				BEC3EC281AE95E3A00CB4EF7 /* SpringTextField.swift */,
				BEC3EC291AE95E3A00CB4EF7 /* SpringTextView.swift */,
				BEC3EC2A1AE95E3A00CB4EF7 /* SpringView.swift */,
				BEC3EC2B1AE95E3A00CB4EF7 /* TransitionManager.swift */,
				BEC3EC2C1AE95E3A00CB4EF7 /* TransitionZoom.swift */,
				BEC3EC2D1AE95E3A00CB4EF7 /* UnwindSegue.swift */,
			);
			path = Spring;
			sourceTree = "<group>";
		};
/* End PBXGroup section */

/* Begin PBXNativeTarget section */
		BEC3EBC41AE930EA00CB4EF7 /* SoundTouch */ = {
			isa = PBXNativeTarget;
			buildConfigurationList = BEC3EBE41AE930EB00CB4EF7 /* Build configuration list for PBXNativeTarget "SoundTouch" */;
			buildPhases = (
				BEC3EBC11AE930EA00CB4EF7 /* Sources */,
				BEC3EBC21AE930EA00CB4EF7 /* Frameworks */,
				BEC3EBC31AE930EA00CB4EF7 /* Resources */,
			);
			buildRules = (
			);
			dependencies = (
			);
			name = SoundTouch;
			productName = SoundTouch;
			productReference = BEC3EBC51AE930EA00CB4EF7 /* SoundTouch.app */;
			productType = "com.apple.product-type.application";
		};
		BEC3EBD91AE930EB00CB4EF7 /* SoundTouchTests */ = {
			isa = PBXNativeTarget;
			buildConfigurationList = BEC3EBE71AE930EB00CB4EF7 /* Build configuration list for PBXNativeTarget "SoundTouchTests" */;
			buildPhases = (
				BEC3EBD61AE930EB00CB4EF7 /* Sources */,
				BEC3EBD71AE930EB00CB4EF7 /* Frameworks */,
				BEC3EBD81AE930EB00CB4EF7 /* Resources */,
			);
			buildRules = (
			);
			dependencies = (
				BEC3EBDC1AE930EB00CB4EF7 /* PBXTargetDependency */,
			);
			name = SoundTouchTests;
			productName = SoundTouchTests;
			productReference = BEC3EBDA1AE930EB00CB4EF7 /* SoundTouchTests.xctest */;
			productType = "com.apple.product-type.bundle.unit-test";
		};
/* End PBXNativeTarget section */

/* Begin PBXProject section */
		BEC3EBBD1AE930EA00CB4EF7 /* Project object */ = {
			isa = PBXProject;
			attributes = {
				LastUpgradeCheck = 0630;
				ORGANIZATIONNAME = "phuc nguyen";
				TargetAttributes = {
					BEC3EBC41AE930EA00CB4EF7 = {
						CreatedOnToolsVersion = 6.3;
					};
					BEC3EBD91AE930EB00CB4EF7 = {
						CreatedOnToolsVersion = 6.3;
						TestTargetID = BEC3EBC41AE930EA00CB4EF7;
					};
				};
			};
			buildConfigurationList = BEC3EBC01AE930EA00CB4EF7 /* Build configuration list for PBXProject "SoundTouch" */;
			compatibilityVersion = "Xcode 3.2";
			developmentRegion = English;
			hasScannedForEncodings = 0;
			knownRegions = (
				en,
				Base,
			);
			mainGroup = BEC3EBBC1AE930EA00CB4EF7;
			productRefGroup = BEC3EBC61AE930EA00CB4EF7 /* Products */;
			projectDirPath = "";
			projectRoot = "";
			targets = (
				BEC3EBC41AE930EA00CB4EF7 /* SoundTouch */,
				BEC3EBD91AE930EB00CB4EF7 /* SoundTouchTests */,
			);
		};
/* End PBXProject section */

/* Begin PBXResourcesBuildPhase section */
		BEC3EBC31AE930EA00CB4EF7 /* Resources */ = {
			isa = PBXResourcesBuildPhase;
			buildActionMask = 2147483647;
			files = (
				BEC3EC531AE962E100CB4EF7 /* data.json in Resources */,
				BEC3EC3A1AE95E3A00CB4EF7 /* Info.plist in Resources */,
				BEC3EBFD1AE939E900CB4EF7 /* tb_instrusment.png in Resources */,
				BEC3EBD51AE930EA00CB4EF7 /* LaunchScreen.xib in Resources */,
				BEC3EC511AE962A800CB4EF7 /* cat.wav in Resources */,
				BEC3EBD21AE930EA00CB4EF7 /* Images.xcassets in Resources */,
				BEC3EC001AE93C7400CB4EF7 /* placeholder.png in Resources */,
				BEC3EBFE1AE939E900CB4EF7 /* tb_vehicle.png in Resources */,
				BEC3EC3D1AE95E3A00CB4EF7 /* LoadingView.xib in Resources */,
				BEC3EC0D1AE9508A00CB4EF7 /* BaseViewController.xib in Resources */,
				BEC3EBFC1AE939E900CB4EF7 /* tb_animal.png in Resources */,
			);
			runOnlyForDeploymentPostprocessing = 0;
		};
		BEC3EBD81AE930EB00CB4EF7 /* Resources */ = {
			isa = PBXResourcesBuildPhase;
			buildActionMask = 2147483647;
			files = (
			);
			runOnlyForDeploymentPostprocessing = 0;
		};
/* End PBXResourcesBuildPhase section */

/* Begin PBXSourcesBuildPhase section */
		BEC3EBC11AE930EA00CB4EF7 /* Sources */ = {
			isa = PBXSourcesBuildPhase;
			buildActionMask = 2147483647;
			files = (
				BEC3EC341AE95E3A00CB4EF7 /* DesignableLabel.swift in Sources */,
				BEC3EC431AE95E3A00CB4EF7 /* SpringImageView.swift in Sources */,
				BEC3EC301AE95E3A00CB4EF7 /* AutoTextView.swift in Sources */,
				BEC3EC391AE95E3A00CB4EF7 /* ImageLoader.swift in Sources */,
				BEC3EC3E1AE95E3A00CB4EF7 /* Misc.swift in Sources */,
				BEC3EC311AE95E3A00CB4EF7 /* BlurView.swift in Sources */,
				BEC3EC4A1AE95E3A00CB4EF7 /* UnwindSegue.swift in Sources */,
				BEC3EC3C1AE95E3A00CB4EF7 /* LoadingView.swift in Sources */,
				BEC3EC451AE95E3A00CB4EF7 /* SpringTextField.swift in Sources */,
				BEC3EC401AE95E3A00CB4EF7 /* Spring.swift in Sources */,
				BEC3EBCB1AE930EA00CB4EF7 /* AppDelegate.swift in Sources */,
				BEC3EC3F1AE95E3A00CB4EF7 /* SoundPlayer.swift in Sources */,
				BEC3EC381AE95E3A00CB4EF7 /* DesignableView.swift in Sources */,
				BEC3EC351AE95E3A00CB4EF7 /* DesignableTabBarController.swift in Sources */,
				BEC3EC321AE95E3A00CB4EF7 /* DesignableButton.swift in Sources */,
				BEC3EC031AE93E5E00CB4EF7 /* CollectionViewCell.swift in Sources */,
				BEC3EC491AE95E3A00CB4EF7 /* TransitionZoom.swift in Sources */,
				BEC3EC361AE95E3A00CB4EF7 /* DesignableTextField.swift in Sources */,
				BEC3EC481AE95E3A00CB4EF7 /* TransitionManager.swift in Sources */,
				BEC3EC441AE95E3A00CB4EF7 /* SpringLabel.swift in Sources */,
				BEC3EC2E1AE95E3A00CB4EF7 /* AsyncButton.swift in Sources */,
				BEC3EC2F1AE95E3A00CB4EF7 /* AsyncImageView.swift in Sources */,
				BEC3EC371AE95E3A00CB4EF7 /* DesignableTextView.swift in Sources */,
				BEC3EC471AE95E3A00CB4EF7 /* SpringView.swift in Sources */,
				BEC3EC461AE95E3A00CB4EF7 /* SpringTextView.swift in Sources */,
				BEC3EC3B1AE95E3A00CB4EF7 /* KeyboardLayoutConstraint.swift in Sources */,
				BEC3EC421AE95E3A00CB4EF7 /* SpringButton.swift in Sources */,
				BEC3EC411AE95E3A00CB4EF7 /* SpringAnimation.swift in Sources */,
				BEC3EC331AE95E3A00CB4EF7 /* DesignableImageView.swift in Sources */,
				BEC3EC0C1AE9508A00CB4EF7 /* BaseViewController.swift in Sources */,
			);
			runOnlyForDeploymentPostprocessing = 0;
		};
		BEC3EBD61AE930EB00CB4EF7 /* Sources */ = {
			isa = PBXSourcesBuildPhase;
			buildActionMask = 2147483647;
			files = (
				BEC3EBE11AE930EB00CB4EF7 /* SoundTouchTests.swift in Sources */,
			);
			runOnlyForDeploymentPostprocessing = 0;
		};
/* End PBXSourcesBuildPhase section */

/* Begin PBXTargetDependency section */
		BEC3EBDC1AE930EB00CB4EF7 /* PBXTargetDependency */ = {
			isa = PBXTargetDependency;
			target = BEC3EBC41AE930EA00CB4EF7 /* SoundTouch */;
			targetProxy = BEC3EBDB1AE930EB00CB4EF7 /* PBXContainerItemProxy */;
		};
/* End PBXTargetDependency section */

/* Begin PBXVariantGroup section */
		BEC3EBD31AE930EA00CB4EF7 /* LaunchScreen.xib */ = {
			isa = PBXVariantGroup;
			children = (
				BEC3EBD41AE930EA00CB4EF7 /* Base */,
			);
			name = LaunchScreen.xib;
			sourceTree = "<group>";
		};
/* End PBXVariantGroup section */

/* Begin XCBuildConfiguration section */
		BEC3EBE21AE930EB00CB4EF7 /* Debug */ = {
			isa = XCBuildConfiguration;
			buildSettings = {
				ALWAYS_SEARCH_USER_PATHS = NO;
				CLANG_CXX_LANGUAGE_STANDARD = "gnu++0x";
				CLANG_CXX_LIBRARY = "libc++";
				CLANG_ENABLE_MODULES = YES;
				CLANG_ENABLE_OBJC_ARC = YES;
				CLANG_WARN_BOOL_CONVERSION = YES;
				CLANG_WARN_CONSTANT_CONVERSION = YES;
				CLANG_WARN_DIRECT_OBJC_ISA_USAGE = YES_ERROR;
				CLANG_WARN_EMPTY_BODY = YES;
				CLANG_WARN_ENUM_CONVERSION = YES;
				CLANG_WARN_INT_CONVERSION = YES;
				CLANG_WARN_OBJC_ROOT_CLASS = YES_ERROR;
				CLANG_WARN_UNREACHABLE_CODE = YES;
				CLANG_WARN__DUPLICATE_METHOD_MATCH = YES;
				"CODE_SIGN_IDENTITY[sdk=iphoneos*]" = "iPhone Developer";
				COPY_PHASE_STRIP = NO;
				DEBUG_INFORMATION_FORMAT = "dwarf-with-dsym";
				ENABLE_STRICT_OBJC_MSGSEND = YES;
				GCC_C_LANGUAGE_STANDARD = gnu99;
				GCC_DYNAMIC_NO_PIC = NO;
				GCC_NO_COMMON_BLOCKS = YES;
				GCC_OPTIMIZATION_LEVEL = 0;
				GCC_PREPROCESSOR_DEFINITIONS = (
					"DEBUG=1",
					"$(inherited)",
				);
				GCC_SYMBOLS_PRIVATE_EXTERN = NO;
				GCC_WARN_64_TO_32_BIT_CONVERSION = YES;
				GCC_WARN_ABOUT_RETURN_TYPE = YES_ERROR;
				GCC_WARN_UNDECLARED_SELECTOR = YES;
				GCC_WARN_UNINITIALIZED_AUTOS = YES_AGGRESSIVE;
				GCC_WARN_UNUSED_FUNCTION = YES;
				GCC_WARN_UNUSED_VARIABLE = YES;
				IPHONEOS_DEPLOYMENT_TARGET = 8.3;
				MTL_ENABLE_DEBUG_INFO = YES;
				ONLY_ACTIVE_ARCH = YES;
				SDKROOT = iphoneos;
				SWIFT_OPTIMIZATION_LEVEL = "-Onone";
			};
			name = Debug;
		};
		BEC3EBE31AE930EB00CB4EF7 /* Release */ = {
			isa = XCBuildConfiguration;
			buildSettings = {
				ALWAYS_SEARCH_USER_PATHS = NO;
				CLANG_CXX_LANGUAGE_STANDARD = "gnu++0x";
				CLANG_CXX_LIBRARY = "libc++";
				CLANG_ENABLE_MODULES = YES;
				CLANG_ENABLE_OBJC_ARC = YES;
				CLANG_WARN_BOOL_CONVERSION = YES;
				CLANG_WARN_CONSTANT_CONVERSION = YES;
				CLANG_WARN_DIRECT_OBJC_ISA_USAGE = YES_ERROR;
				CLANG_WARN_EMPTY_BODY = YES;
				CLANG_WARN_ENUM_CONVERSION = YES;
				CLANG_WARN_INT_CONVERSION = YES;
				CLANG_WARN_OBJC_ROOT_CLASS = YES_ERROR;
				CLANG_WARN_UNREACHABLE_CODE = YES;
				CLANG_WARN__DUPLICATE_METHOD_MATCH = YES;
				"CODE_SIGN_IDENTITY[sdk=iphoneos*]" = "iPhone Developer";
				COPY_PHASE_STRIP = NO;
				DEBUG_INFORMATION_FORMAT = "dwarf-with-dsym";
				ENABLE_NS_ASSERTIONS = NO;
				ENABLE_STRICT_OBJC_MSGSEND = YES;
				GCC_C_LANGUAGE_STANDARD = gnu99;
				GCC_NO_COMMON_BLOCKS = YES;
				GCC_WARN_64_TO_32_BIT_CONVERSION = YES;
				GCC_WARN_ABOUT_RETURN_TYPE = YES_ERROR;
				GCC_WARN_UNDECLARED_SELECTOR = YES;
				GCC_WARN_UNINITIALIZED_AUTOS = YES_AGGRESSIVE;
				GCC_WARN_UNUSED_FUNCTION = YES;
				GCC_WARN_UNUSED_VARIABLE = YES;
				IPHONEOS_DEPLOYMENT_TARGET = 8.3;
				MTL_ENABLE_DEBUG_INFO = NO;
				SDKROOT = iphoneos;
				VALIDATE_PRODUCT = YES;
			};
			name = Release;
		};
		BEC3EBE51AE930EB00CB4EF7 /* Debug */ = {
			isa = XCBuildConfiguration;
			buildSettings = {
				ASSETCATALOG_COMPILER_APPICON_NAME = AppIcon;
				INFOPLIST_FILE = SoundTouch/Info.plist;
				LD_RUNPATH_SEARCH_PATHS = "$(inherited) @executable_path/Frameworks";
				PRODUCT_NAME = "$(TARGET_NAME)";
			};
			name = Debug;
		};
		BEC3EBE61AE930EB00CB4EF7 /* Release */ = {
			isa = XCBuildConfiguration;
			buildSettings = {
				ASSETCATALOG_COMPILER_APPICON_NAME = AppIcon;
				INFOPLIST_FILE = SoundTouch/Info.plist;
				LD_RUNPATH_SEARCH_PATHS = "$(inherited) @executable_path/Frameworks";
				PRODUCT_NAME = "$(TARGET_NAME)";
			};
			name = Release;
		};
		BEC3EBE81AE930EB00CB4EF7 /* Debug */ = {
			isa = XCBuildConfiguration;
			buildSettings = {
				BUNDLE_LOADER = "$(TEST_HOST)";
				FRAMEWORK_SEARCH_PATHS = (
					"$(SDKROOT)/Developer/Library/Frameworks",
					"$(inherited)",
				);
				GCC_PREPROCESSOR_DEFINITIONS = (
					"DEBUG=1",
					"$(inherited)",
				);
				INFOPLIST_FILE = SoundTouchTests/Info.plist;
				LD_RUNPATH_SEARCH_PATHS = "$(inherited) @executable_path/Frameworks @loader_path/Frameworks";
				PRODUCT_NAME = "$(TARGET_NAME)";
				TEST_HOST = "$(BUILT_PRODUCTS_DIR)/SoundTouch.app/SoundTouch";
			};
			name = Debug;
		};
		BEC3EBE91AE930EB00CB4EF7 /* Release */ = {
			isa = XCBuildConfiguration;
			buildSettings = {
				BUNDLE_LOADER = "$(TEST_HOST)";
				FRAMEWORK_SEARCH_PATHS = (
					"$(SDKROOT)/Developer/Library/Frameworks",
					"$(inherited)",
				);
				INFOPLIST_FILE = SoundTouchTests/Info.plist;
				LD_RUNPATH_SEARCH_PATHS = "$(inherited) @executable_path/Frameworks @loader_path/Frameworks";
				PRODUCT_NAME = "$(TARGET_NAME)";
				TEST_HOST = "$(BUILT_PRODUCTS_DIR)/SoundTouch.app/SoundTouch";
			};
			name = Release;
		};
/* End XCBuildConfiguration section */

/* Begin XCConfigurationList section */
		BEC3EBC01AE930EA00CB4EF7 /* Build configuration list for PBXProject "SoundTouch" */ = {
			isa = XCConfigurationList;
			buildConfigurations = (
				BEC3EBE21AE930EB00CB4EF7 /* Debug */,
				BEC3EBE31AE930EB00CB4EF7 /* Release */,
			);
			defaultConfigurationIsVisible = 0;
			defaultConfigurationName = Release;
		};
		BEC3EBE41AE930EB00CB4EF7 /* Build configuration list for PBXNativeTarget "SoundTouch" */ = {
			isa = XCConfigurationList;
			buildConfigurations = (
				BEC3EBE51AE930EB00CB4EF7 /* Debug */,
				BEC3EBE61AE930EB00CB4EF7 /* Release */,
			);
			defaultConfigurationIsVisible = 0;
			defaultConfigurationName = Release;
		};
		BEC3EBE71AE930EB00CB4EF7 /* Build configuration list for PBXNativeTarget "SoundTouchTests" */ = {
			isa = XCConfigurationList;
			buildConfigurations = (
				BEC3EBE81AE930EB00CB4EF7 /* Debug */,
				BEC3EBE91AE930EB00CB4EF7 /* Release */,
			);
			defaultConfigurationIsVisible = 0;
			defaultConfigurationName = Release;
		};
/* End XCConfigurationList section */
	};
	rootObject = BEC3EBBD1AE930EA00CB4EF7 /* Project object */;
}
