// !$*UTF8*$!
{
	archiveVersion = 1;
	classes = {
	};
	objectVersion = 46;
	objects = {

/* Begin PBXBuildFile section */
		02D8C2651AE9E8640000120B /* Spring.framework in Frameworks */ = {isa = PBXBuildFile; fileRef = 02D8C2641AE9E8640000120B /* Spring.framework */; };
		02D8C2691AE9EA310000120B /* DataManager.swift in Sources */ = {isa = PBXBuildFile; fileRef = 02D8C2681AE9EA310000120B /* DataManager.swift */; };
		02D8C26B1AE9EA530000120B /* CoreData.framework in Frameworks */ = {isa = PBXBuildFile; fileRef = 02D8C26A1AE9EA530000120B /* CoreData.framework */; };
		02D8C2A31AE9EF1D0000120B /* SoundTouch.xcdatamodeld in Sources */ = {isa = PBXBuildFile; fileRef = 02D8C2A11AE9EF1D0000120B /* SoundTouch.xcdatamodeld */; };
		02D8C2A51AE9F3620000120B /* Categorirs.json in Resources */ = {isa = PBXBuildFile; fileRef = 02D8C2A41AE9F3620000120B /* Categorirs.json */; };
		02D8C2AC1AE9F5DF0000120B /* Model.swift in Sources */ = {isa = PBXBuildFile; fileRef = 02D8C2AB1AE9F5DF0000120B /* Model.swift */; };
		02D8C2B01AEA1D540000120B /* Categories.swift in Sources */ = {isa = PBXBuildFile; fileRef = 02D8C2AF1AEA1D540000120B /* Categories.swift */; };
		BEC3EBCB1AE930EA00CB4EF7 /* AppDelegate.swift in Sources */ = {isa = PBXBuildFile; fileRef = BEC3EBCA1AE930EA00CB4EF7 /* AppDelegate.swift */; };
		BEC3EBD21AE930EA00CB4EF7 /* Images.xcassets in Resources */ = {isa = PBXBuildFile; fileRef = BEC3EBD11AE930EA00CB4EF7 /* Images.xcassets */; };
		BEC3EBD51AE930EA00CB4EF7 /* LaunchScreen.xib in Resources */ = {isa = PBXBuildFile; fileRef = BEC3EBD31AE930EA00CB4EF7 /* LaunchScreen.xib */; };
		BEC3EBE11AE930EB00CB4EF7 /* SoundTouchTests.swift in Sources */ = {isa = PBXBuildFile; fileRef = BEC3EBE01AE930EB00CB4EF7 /* SoundTouchTests.swift */; };
		BEC3EBFC1AE939E900CB4EF7 /* tb_animal.png in Resources */ = {isa = PBXBuildFile; fileRef = BEC3EBF91AE939E900CB4EF7 /* tb_animal.png */; };
		BEC3EBFD1AE939E900CB4EF7 /* tb_instrusment.png in Resources */ = {isa = PBXBuildFile; fileRef = BEC3EBFA1AE939E900CB4EF7 /* tb_instrusment.png */; };
		BEC3EBFE1AE939E900CB4EF7 /* tb_vehicle.png in Resources */ = {isa = PBXBuildFile; fileRef = BEC3EBFB1AE939E900CB4EF7 /* tb_vehicle.png */; };
		BEC3EC001AE93C7400CB4EF7 /* placeholder.png in Resources */ = {isa = PBXBuildFile; fileRef = BEC3EBFF1AE93C7400CB4EF7 /* placeholder.png */; };
		BEC3EC031AE93E5E00CB4EF7 /* CollectionViewCell.swift in Sources */ = {isa = PBXBuildFile; fileRef = BEC3EC021AE93E5E00CB4EF7 /* CollectionViewCell.swift */; };
		BEC3EC0C1AE9508A00CB4EF7 /* BaseViewController.swift in Sources */ = {isa = PBXBuildFile; fileRef = BEC3EC0A1AE9508A00CB4EF7 /* BaseViewController.swift */; };
		BEC3EC0D1AE9508A00CB4EF7 /* BaseViewController.xib in Resources */ = {isa = PBXBuildFile; fileRef = BEC3EC0B1AE9508A00CB4EF7 /* BaseViewController.xib */; };
		BEC3EC511AE962A800CB4EF7 /* cat.wav in Resources */ = {isa = PBXBuildFile; fileRef = BEC3EC501AE962A800CB4EF7 /* cat.wav */; };
		BEC3EC531AE962E100CB4EF7 /* data.json in Resources */ = {isa = PBXBuildFile; fileRef = BEC3EC521AE962E100CB4EF7 /* data.json */; };
		F7FAD3944FF96ADE4CB2D920 /* Pods_SoundTouch.framework in Frameworks */ = {isa = PBXBuildFile; fileRef = 41ECB986BEE0B741392A8BD3 /* Pods_SoundTouch.framework */; settings = {ATTRIBUTES = (Weak, ); }; };
/* End PBXBuildFile section */

/* Begin PBXContainerItemProxy section */
		BEC3EBDB1AE930EB00CB4EF7 /* PBXContainerItemProxy */ = {
			isa = PBXContainerItemProxy;
			containerPortal = BEC3EBBD1AE930EA00CB4EF7 /* Project object */;
			proxyType = 1;
			remoteGlobalIDString = BEC3EBC41AE930EA00CB4EF7;
			remoteInfo = SoundTouch;
		};
/* End PBXContainerItemProxy section */

/* Begin PBXFileReference section */
		02D8C2641AE9E8640000120B /* Spring.framework */ = {isa = PBXFileReference; lastKnownFileType = wrapper.framework; name = Spring.framework; path = "Pods/../build/Debug-iphoneos/Pods-SoundTouch/Spring.framework"; sourceTree = "<group>"; };
		02D8C2681AE9EA310000120B /* DataManager.swift */ = {isa = PBXFileReference; fileEncoding = 4; lastKnownFileType = sourcecode.swift; path = DataManager.swift; sourceTree = "<group>"; };
		02D8C26A1AE9EA530000120B /* CoreData.framework */ = {isa = PBXFileReference; lastKnownFileType = wrapper.framework; name = CoreData.framework; path = System/Library/Frameworks/CoreData.framework; sourceTree = SDKROOT; };
		02D8C2A21AE9EF1D0000120B /* SoundTouch.xcdatamodel */ = {isa = PBXFileReference; lastKnownFileType = wrapper.xcdatamodel; path = SoundTouch.xcdatamodel; sourceTree = "<group>"; };
		02D8C2A41AE9F3620000120B /* Categorirs.json */ = {isa = PBXFileReference; fileEncoding = 4; lastKnownFileType = text.json; path = Categorirs.json; sourceTree = "<group>"; };
		02D8C2AB1AE9F5DF0000120B /* Model.swift */ = {isa = PBXFileReference; fileEncoding = 4; lastKnownFileType = sourcecode.swift; path = Model.swift; sourceTree = SOURCE_ROOT; };
		02D8C2AF1AEA1D540000120B /* Categories.swift */ = {isa = PBXFileReference; fileEncoding = 4; lastKnownFileType = sourcecode.swift; path = Categories.swift; sourceTree = SOURCE_ROOT; };
		2F22966C09BC382F959554EF /* Pods-SoundTouch.debug.xcconfig */ = {isa = PBXFileReference; includeInIndex = 1; lastKnownFileType = text.xcconfig; name = "Pods-SoundTouch.debug.xcconfig"; path = "Pods/Target Support Files/Pods-SoundTouch/Pods-SoundTouch.debug.xcconfig"; sourceTree = "<group>"; };
		41ECB986BEE0B741392A8BD3 /* Pods_SoundTouch.framework */ = {isa = PBXFileReference; explicitFileType = wrapper.framework; includeInIndex = 0; path = Pods_SoundTouch.framework; sourceTree = BUILT_PRODUCTS_DIR; };
		71ECFE381D553BEEC1DD0F3E /* Pods-SoundTouch.release.xcconfig */ = {isa = PBXFileReference; includeInIndex = 1; lastKnownFileType = text.xcconfig; name = "Pods-SoundTouch.release.xcconfig"; path = "Pods/Target Support Files/Pods-SoundTouch/Pods-SoundTouch.release.xcconfig"; sourceTree = "<group>"; };
		BEC3EBC51AE930EA00CB4EF7 /* SoundTouch.app */ = {isa = PBXFileReference; explicitFileType = wrapper.application; includeInIndex = 0; path = SoundTouch.app; sourceTree = BUILT_PRODUCTS_DIR; };
		BEC3EBC91AE930EA00CB4EF7 /* Info.plist */ = {isa = PBXFileReference; lastKnownFileType = text.plist.xml; path = Info.plist; sourceTree = "<group>"; };
		BEC3EBCA1AE930EA00CB4EF7 /* AppDelegate.swift */ = {isa = PBXFileReference; lastKnownFileType = sourcecode.swift; path = AppDelegate.swift; sourceTree = "<group>"; };
		BEC3EBD11AE930EA00CB4EF7 /* Images.xcassets */ = {isa = PBXFileReference; lastKnownFileType = folder.assetcatalog; path = Images.xcassets; sourceTree = "<group>"; };
		BEC3EBD41AE930EA00CB4EF7 /* Base */ = {isa = PBXFileReference; lastKnownFileType = file.xib; name = Base; path = Base.lproj/LaunchScreen.xib; sourceTree = "<group>"; };
		BEC3EBDA1AE930EB00CB4EF7 /* SoundTouchTests.xctest */ = {isa = PBXFileReference; explicitFileType = wrapper.cfbundle; includeInIndex = 0; path = SoundTouchTests.xctest; sourceTree = BUILT_PRODUCTS_DIR; };
		BEC3EBDF1AE930EB00CB4EF7 /* Info.plist */ = {isa = PBXFileReference; lastKnownFileType = text.plist.xml; path = Info.plist; sourceTree = "<group>"; };
		BEC3EBE01AE930EB00CB4EF7 /* SoundTouchTests.swift */ = {isa = PBXFileReference; lastKnownFileType = sourcecode.swift; path = SoundTouchTests.swift; sourceTree = "<group>"; };
		BEC3EBF91AE939E900CB4EF7 /* tb_animal.png */ = {isa = PBXFileReference; lastKnownFileType = image.png; path = tb_animal.png; sourceTree = "<group>"; };
		BEC3EBFA1AE939E900CB4EF7 /* tb_instrusment.png */ = {isa = PBXFileReference; lastKnownFileType = image.png; path = tb_instrusment.png; sourceTree = "<group>"; };
		BEC3EBFB1AE939E900CB4EF7 /* tb_vehicle.png */ = {isa = PBXFileReference; lastKnownFileType = image.png; path = tb_vehicle.png; sourceTree = "<group>"; };
		BEC3EBFF1AE93C7400CB4EF7 /* placeholder.png */ = {isa = PBXFileReference; lastKnownFileType = image.png; path = placeholder.png; sourceTree = "<group>"; };
		BEC3EC021AE93E5E00CB4EF7 /* CollectionViewCell.swift */ = {isa = PBXFileReference; fileEncoding = 4; lastKnownFileType = sourcecode.swift; path = CollectionViewCell.swift; sourceTree = "<group>"; };
		BEC3EC0A1AE9508A00CB4EF7 /* BaseViewController.swift */ = {isa = PBXFileReference; fileEncoding = 4; lastKnownFileType = sourcecode.swift; path = BaseViewController.swift; sourceTree = "<group>"; };
		BEC3EC0B1AE9508A00CB4EF7 /* BaseViewController.xib */ = {isa = PBXFileReference; fileEncoding = 4; lastKnownFileType = file.xib; path = BaseViewController.xib; sourceTree = "<group>"; };
		BEC3EC501AE962A800CB4EF7 /* cat.wav */ = {isa = PBXFileReference; lastKnownFileType = audio.wav; path = cat.wav; sourceTree = "<group>"; };
		BEC3EC521AE962E100CB4EF7 /* data.json */ = {isa = PBXFileReference; fileEncoding = 4; lastKnownFileType = text.json; path = data.json; sourceTree = "<group>"; };
/* End PBXFileReference section */

/* Begin PBXFrameworksBuildPhase section */
		BEC3EBC21AE930EA00CB4EF7 /* Frameworks */ = {
			isa = PBXFrameworksBuildPhase;
			buildActionMask = 2147483647;
			files = (
				02D8C26B1AE9EA530000120B /* CoreData.framework in Frameworks */,
				02D8C2651AE9E8640000120B /* Spring.framework in Frameworks */,
				F7FAD3944FF96ADE4CB2D920 /* Pods_SoundTouch.framework in Frameworks */,
			);
			runOnlyForDeploymentPostprocessing = 0;
		};
		BEC3EBD71AE930EB00CB4EF7 /* Frameworks */ = {
			isa = PBXFrameworksBuildPhase;
			buildActionMask = 2147483647;
			files = (
			);
			runOnlyForDeploymentPostprocessing = 0;
		};
/* End PBXFrameworksBuildPhase section */

/* Begin PBXGroup section */
		02D8C2671AE9EA210000120B /* DadaManager */ = {
			isa = PBXGroup;
			children = (
				02D8C2681AE9EA310000120B /* DataManager.swift */,
			);
			path = DadaManager;
			sourceTree = "<group>";
		};
		02D8C2A61AE9F59B0000120B /* Model */ = {
			isa = PBXGroup;
			children = (
				02D8C2AF1AEA1D540000120B /* Categories.swift */,
				02D8C2AB1AE9F5DF0000120B /* Model.swift */,
			);
			path = Model;
			sourceTree = "<group>";
		};
		0DB0EE75F9B7BE5D876D8528 /* Pods */ = {
			isa = PBXGroup;
			children = (
				2F22966C09BC382F959554EF /* Pods-SoundTouch.debug.xcconfig */,
				71ECFE381D553BEEC1DD0F3E /* Pods-SoundTouch.release.xcconfig */,
			);
			name = Pods;
			sourceTree = "<group>";
		};
		BEC3EBBC1AE930EA00CB4EF7 = {
			isa = PBXGroup;
			children = (
				BEC3EBC71AE930EA00CB4EF7 /* SoundTouch */,
				BEC3EBDD1AE930EB00CB4EF7 /* SoundTouchTests */,
				BEC3EBC61AE930EA00CB4EF7 /* Products */,
				0DB0EE75F9B7BE5D876D8528 /* Pods */,
				C4E2274BE8B68CC22DBDC37C /* Frameworks */,
			);
			sourceTree = "<group>";
		};
		BEC3EBC61AE930EA00CB4EF7 /* Products */ = {
			isa = PBXGroup;
			children = (
				BEC3EBC51AE930EA00CB4EF7 /* SoundTouch.app */,
				BEC3EBDA1AE930EB00CB4EF7 /* SoundTouchTests.xctest */,
			);
			name = Products;
			sourceTree = "<group>";
		};
		BEC3EBC71AE930EA00CB4EF7 /* SoundTouch */ = {
			isa = PBXGroup;
			children = (
				BEC3EC0E1AE95E3A00CB4EF7 /* Library */,
				02D8C2A61AE9F59B0000120B /* Model */,
				BEC3EBEA1AE9333A00CB4EF7 /* Controller */,
				BEC3EBF01AE935A200CB4EF7 /* Resource */,
				BEC3EBD11AE930EA00CB4EF7 /* Images.xcassets */,
				BEC3EBC81AE930EA00CB4EF7 /* Supporting Files */,
			);
			path = SoundTouch;
			sourceTree = "<group>";
		};
		BEC3EBC81AE930EA00CB4EF7 /* Supporting Files */ = {
			isa = PBXGroup;
			children = (
				BEC3EBD31AE930EA00CB4EF7 /* LaunchScreen.xib */,
				BEC3EBCA1AE930EA00CB4EF7 /* AppDelegate.swift */,
				BEC3EBC91AE930EA00CB4EF7 /* Info.plist */,
				02D8C2A11AE9EF1D0000120B /* SoundTouch.xcdatamodeld */,
			);
			name = "Supporting Files";
			sourceTree = "<group>";
		};
		BEC3EBDD1AE930EB00CB4EF7 /* SoundTouchTests */ = {
			isa = PBXGroup;
			children = (
				BEC3EBE01AE930EB00CB4EF7 /* SoundTouchTests.swift */,
				BEC3EBDE1AE930EB00CB4EF7 /* Supporting Files */,
			);
			path = SoundTouchTests;
			sourceTree = "<group>";
		};
		BEC3EBDE1AE930EB00CB4EF7 /* Supporting Files */ = {
			isa = PBXGroup;
			children = (
				BEC3EBDF1AE930EB00CB4EF7 /* Info.plist */,
			);
			name = "Supporting Files";
			sourceTree = "<group>";
		};
		BEC3EBEA1AE9333A00CB4EF7 /* Controller */ = {
			isa = PBXGroup;
			children = (
				02D8C2671AE9EA210000120B /* DadaManager */,
				BEC3EBEB1AE9333A00CB4EF7 /* BaseViewController */,
			);
			path = Controller;
			sourceTree = "<group>";
		};
		BEC3EBEB1AE9333A00CB4EF7 /* BaseViewController */ = {
			isa = PBXGroup;
			children = (
				BEC3EC011AE93E3A00CB4EF7 /* CollectionViewCell */,
				BEC3EC0A1AE9508A00CB4EF7 /* BaseViewController.swift */,
				BEC3EC0B1AE9508A00CB4EF7 /* BaseViewController.xib */,
			);
			path = BaseViewController;
			sourceTree = "<group>";
		};
		BEC3EBF01AE935A200CB4EF7 /* Resource */ = {
			isa = PBXGroup;
			children = (
				BEC3EBF21AE935A200CB4EF7 /* Sound */,
				BEC3EBF11AE935A200CB4EF7 /* Image */,
				BEC3EC521AE962E100CB4EF7 /* data.json */,
				02D8C2A41AE9F3620000120B /* Categorirs.json */,
			);
			path = Resource;
			sourceTree = "<group>";
		};
		BEC3EBF11AE935A200CB4EF7 /* Image */ = {
			isa = PBXGroup;
			children = (
				BEC3EBFF1AE93C7400CB4EF7 /* placeholder.png */,
				BEC3EBF91AE939E900CB4EF7 /* tb_animal.png */,
				BEC3EBFA1AE939E900CB4EF7 /* tb_instrusment.png */,
				BEC3EBFB1AE939E900CB4EF7 /* tb_vehicle.png */,
			);
			path = Image;
			sourceTree = "<group>";
		};
		BEC3EBF21AE935A200CB4EF7 /* Sound */ = {
			isa = PBXGroup;
			children = (
				BEC3EC501AE962A800CB4EF7 /* cat.wav */,
			);
			path = Sound;
			sourceTree = "<group>";
		};
		BEC3EC011AE93E3A00CB4EF7 /* CollectionViewCell */ = {
			isa = PBXGroup;
			children = (
				BEC3EC021AE93E5E00CB4EF7 /* CollectionViewCell.swift */,
			);
			name = CollectionViewCell;
			sourceTree = "<group>";
		};
		BEC3EC0E1AE95E3A00CB4EF7 /* Library */ = {
			isa = PBXGroup;
			children = (
			);
			path = Library;
			sourceTree = "<group>";
		};
		C4E2274BE8B68CC22DBDC37C /* Frameworks */ = {
			isa = PBXGroup;
			children = (
				02D8C26A1AE9EA530000120B /* CoreData.framework */,
				02D8C2641AE9E8640000120B /* Spring.framework */,
				41ECB986BEE0B741392A8BD3 /* Pods_SoundTouch.framework */,
			);
			name = Frameworks;
			sourceTree = "<group>";
		};
/* End PBXGroup section */

/* Begin PBXNativeTarget section */
		BEC3EBC41AE930EA00CB4EF7 /* SoundTouch */ = {
			isa = PBXNativeTarget;
			buildConfigurationList = BEC3EBE41AE930EB00CB4EF7 /* Build configuration list for PBXNativeTarget "SoundTouch" */;
			buildPhases = (
				D864E59F9E684068E572FF83 /* Check Pods Manifest.lock */,
				BEC3EBC11AE930EA00CB4EF7 /* Sources */,
				BEC3EBC21AE930EA00CB4EF7 /* Frameworks */,
				BEC3EBC31AE930EA00CB4EF7 /* Resources */,
				6BD2150F72C570112C9DB72D /* Embed Pods Frameworks */,
				F62186BBC300B793EB8200C2 /* Copy Pods Resources */,
			);
			buildRules = (
			);
			dependencies = (
			);
			name = SoundTouch;
			productName = SoundTouch;
			productReference = BEC3EBC51AE930EA00CB4EF7 /* SoundTouch.app */;
			productType = "com.apple.product-type.application";
		};
		BEC3EBD91AE930EB00CB4EF7 /* SoundTouchTests */ = {
			isa = PBXNativeTarget;
			buildConfigurationList = BEC3EBE71AE930EB00CB4EF7 /* Build configuration list for PBXNativeTarget "SoundTouchTests" */;
			buildPhases = (
				BEC3EBD61AE930EB00CB4EF7 /* Sources */,
				BEC3EBD71AE930EB00CB4EF7 /* Frameworks */,
				BEC3EBD81AE930EB00CB4EF7 /* Resources */,
			);
			buildRules = (
			);
			dependencies = (
				BEC3EBDC1AE930EB00CB4EF7 /* PBXTargetDependency */,
			);
			name = SoundTouchTests;
			productName = SoundTouchTests;
			productReference = BEC3EBDA1AE930EB00CB4EF7 /* SoundTouchTests.xctest */;
			productType = "com.apple.product-type.bundle.unit-test";
		};
/* End PBXNativeTarget section */

/* Begin PBXProject section */
		BEC3EBBD1AE930EA00CB4EF7 /* Project object */ = {
			isa = PBXProject;
			attributes = {
				LastUpgradeCheck = 0630;
				ORGANIZATIONNAME = "phuc nguyen";
				TargetAttributes = {
					BEC3EBC41AE930EA00CB4EF7 = {
						CreatedOnToolsVersion = 6.3;
					};
					BEC3EBD91AE930EB00CB4EF7 = {
						CreatedOnToolsVersion = 6.3;
						TestTargetID = BEC3EBC41AE930EA00CB4EF7;
					};
				};
			};
			buildConfigurationList = BEC3EBC01AE930EA00CB4EF7 /* Build configuration list for PBXProject "SoundTouch" */;
			compatibilityVersion = "Xcode 3.2";
			developmentRegion = English;
			hasScannedForEncodings = 0;
			knownRegions = (
				en,
				Base,
			);
			mainGroup = BEC3EBBC1AE930EA00CB4EF7;
			productRefGroup = BEC3EBC61AE930EA00CB4EF7 /* Products */;
			projectDirPath = "";
			projectRoot = "";
			targets = (
				BEC3EBC41AE930EA00CB4EF7 /* SoundTouch */,
				BEC3EBD91AE930EB00CB4EF7 /* SoundTouchTests */,
			);
		};
/* End PBXProject section */

/* Begin PBXResourcesBuildPhase section */
		BEC3EBC31AE930EA00CB4EF7 /* Resources */ = {
			isa = PBXResourcesBuildPhase;
			buildActionMask = 2147483647;
			files = (
				BEC3EC531AE962E100CB4EF7 /* data.json in Resources */,
				BEC3EBFD1AE939E900CB4EF7 /* tb_instrusment.png in Resources */,
				BEC3EBD51AE930EA00CB4EF7 /* LaunchScreen.xib in Resources */,
				BEC3EC511AE962A800CB4EF7 /* cat.wav in Resources */,
				BEC3EBD21AE930EA00CB4EF7 /* Images.xcassets in Resources */,
				BEC3EC001AE93C7400CB4EF7 /* placeholder.png in Resources */,
				02D8C2A51AE9F3620000120B /* Categorirs.json in Resources */,
				BEC3EBFE1AE939E900CB4EF7 /* tb_vehicle.png in Resources */,
				BEC3EC0D1AE9508A00CB4EF7 /* BaseViewController.xib in Resources */,
				BEC3EBFC1AE939E900CB4EF7 /* tb_animal.png in Resources */,
			);
			runOnlyForDeploymentPostprocessing = 0;
		};
		BEC3EBD81AE930EB00CB4EF7 /* Resources */ = {
			isa = PBXResourcesBuildPhase;
			buildActionMask = 2147483647;
			files = (
			);
			runOnlyForDeploymentPostprocessing = 0;
		};
/* End PBXResourcesBuildPhase section */

/* Begin PBXShellScriptBuildPhase section */
		6BD2150F72C570112C9DB72D /* Embed Pods Frameworks */ = {
			isa = PBXShellScriptBuildPhase;
			buildActionMask = 2147483647;
			files = (
			);
			inputPaths = (
			);
			name = "Embed Pods Frameworks";
			outputPaths = (
			);
			runOnlyForDeploymentPostprocessing = 0;
			shellPath = /bin/sh;
			shellScript = "\"${SRCROOT}/Pods/Target Support Files/Pods-SoundTouch/Pods-SoundTouch-frameworks.sh\"\n";
			showEnvVarsInLog = 0;
		};
		D864E59F9E684068E572FF83 /* Check Pods Manifest.lock */ = {
			isa = PBXShellScriptBuildPhase;
			buildActionMask = 2147483647;
			files = (
			);
			inputPaths = (
			);
			name = "Check Pods Manifest.lock";
			outputPaths = (
			);
			runOnlyForDeploymentPostprocessing = 0;
			shellPath = /bin/sh;
			shellScript = "diff \"${PODS_ROOT}/../Podfile.lock\" \"${PODS_ROOT}/Manifest.lock\" > /dev/null\nif [[ $? != 0 ]] ; then\n    cat << EOM\nerror: The sandbox is not in sync with the Podfile.lock. Run 'pod install' or update your CocoaPods installation.\nEOM\n    exit 1\nfi\n";
			showEnvVarsInLog = 0;
		};
		F62186BBC300B793EB8200C2 /* Copy Pods Resources */ = {
			isa = PBXShellScriptBuildPhase;
			buildActionMask = 2147483647;
			files = (
			);
			inputPaths = (
			);
			name = "Copy Pods Resources";
			outputPaths = (
			);
			runOnlyForDeploymentPostprocessing = 0;
			shellPath = /bin/sh;
			shellScript = "\"${SRCROOT}/Pods/Target Support Files/Pods-SoundTouch/Pods-SoundTouch-resources.sh\"\n";
			showEnvVarsInLog = 0;
		};
/* End PBXShellScriptBuildPhase section */

/* Begin PBXSourcesBuildPhase section */
		BEC3EBC11AE930EA00CB4EF7 /* Sources */ = {
			isa = PBXSourcesBuildPhase;
			buildActionMask = 2147483647;
			files = (
				02D8C2A31AE9EF1D0000120B /* SoundTouch.xcdatamodeld in Sources */,
				02D8C2B01AEA1D540000120B /* Categories.swift in Sources */,
				BEC3EBCB1AE930EA00CB4EF7 /* AppDelegate.swift in Sources */,
				02D8C2691AE9EA310000120B /* DataManager.swift in Sources */,
				02D8C2AC1AE9F5DF0000120B /* Model.swift in Sources */,
				BEC3EC031AE93E5E00CB4EF7 /* CollectionViewCell.swift in Sources */,
				BEC3EC0C1AE9508A00CB4EF7 /* BaseViewController.swift in Sources */,
			);
			runOnlyForDeploymentPostprocessing = 0;
		};
		BEC3EBD61AE930EB00CB4EF7 /* Sources */ = {
			isa = PBXSourcesBuildPhase;
			buildActionMask = 2147483647;
			files = (
				BEC3EBE11AE930EB00CB4EF7 /* SoundTouchTests.swift in Sources */,
			);
			runOnlyForDeploymentPostprocessing = 0;
		};
/* End PBXSourcesBuildPhase section */

/* Begin PBXTargetDependency section */
		BEC3EBDC1AE930EB00CB4EF7 /* PBXTargetDependency */ = {
			isa = PBXTargetDependency;
			target = BEC3EBC41AE930EA00CB4EF7 /* SoundTouch */;
			targetProxy = BEC3EBDB1AE930EB00CB4EF7 /* PBXContainerItemProxy */;
		};
/* End PBXTargetDependency section */

/* Begin PBXVariantGroup section */
		BEC3EBD31AE930EA00CB4EF7 /* LaunchScreen.xib */ = {
			isa = PBXVariantGroup;
			children = (
				BEC3EBD41AE930EA00CB4EF7 /* Base */,
			);
			name = LaunchScreen.xib;
			sourceTree = "<group>";
		};
/* End PBXVariantGroup section */

/* Begin XCBuildConfiguration section */
		BEC3EBE21AE930EB00CB4EF7 /* Debug */ = {
			isa = XCBuildConfiguration;
			buildSettings = {
				ALWAYS_SEARCH_USER_PATHS = NO;
				CLANG_CXX_LANGUAGE_STANDARD = "gnu++0x";
				CLANG_CXX_LIBRARY = "libc++";
				CLANG_ENABLE_MODULES = YES;
				CLANG_ENABLE_OBJC_ARC = YES;
				CLANG_WARN_BOOL_CONVERSION = YES;
				CLANG_WARN_CONSTANT_CONVERSION = YES;
				CLANG_WARN_DIRECT_OBJC_ISA_USAGE = YES_ERROR;
				CLANG_WARN_EMPTY_BODY = YES;
				CLANG_WARN_ENUM_CONVERSION = YES;
				CLANG_WARN_INT_CONVERSION = YES;
				CLANG_WARN_OBJC_ROOT_CLASS = YES_ERROR;
				CLANG_WARN_UNREACHABLE_CODE = YES;
				CLANG_WARN__DUPLICATE_METHOD_MATCH = YES;
				"CODE_SIGN_IDENTITY[sdk=iphoneos*]" = "iPhone Developer";
				COPY_PHASE_STRIP = NO;
				DEBUG_INFORMATION_FORMAT = "dwarf-with-dsym";
				ENABLE_STRICT_OBJC_MSGSEND = YES;
				GCC_C_LANGUAGE_STANDARD = gnu99;
				GCC_DYNAMIC_NO_PIC = NO;
				GCC_NO_COMMON_BLOCKS = YES;
				GCC_OPTIMIZATION_LEVEL = 0;
				GCC_PREPROCESSOR_DEFINITIONS = (
					"DEBUG=1",
					"$(inherited)",
				);
				GCC_SYMBOLS_PRIVATE_EXTERN = NO;
				GCC_WARN_64_TO_32_BIT_CONVERSION = YES;
				GCC_WARN_ABOUT_RETURN_TYPE = YES_ERROR;
				GCC_WARN_UNDECLARED_SELECTOR = YES;
				GCC_WARN_UNINITIALIZED_AUTOS = YES_AGGRESSIVE;
				GCC_WARN_UNUSED_FUNCTION = YES;
				GCC_WARN_UNUSED_VARIABLE = YES;
				IPHONEOS_DEPLOYMENT_TARGET = 8.3;
				MTL_ENABLE_DEBUG_INFO = YES;
				ONLY_ACTIVE_ARCH = YES;
				SDKROOT = iphoneos;
				SWIFT_OPTIMIZATION_LEVEL = "-Onone";
			};
			name = Debug;
		};
		BEC3EBE31AE930EB00CB4EF7 /* Release */ = {
			isa = XCBuildConfiguration;
			buildSettings = {
				ALWAYS_SEARCH_USER_PATHS = NO;
				CLANG_CXX_LANGUAGE_STANDARD = "gnu++0x";
				CLANG_CXX_LIBRARY = "libc++";
				CLANG_ENABLE_MODULES = YES;
				CLANG_ENABLE_OBJC_ARC = YES;
				CLANG_WARN_BOOL_CONVERSION = YES;
				CLANG_WARN_CONSTANT_CONVERSION = YES;
				CLANG_WARN_DIRECT_OBJC_ISA_USAGE = YES_ERROR;
				CLANG_WARN_EMPTY_BODY = YES;
				CLANG_WARN_ENUM_CONVERSION = YES;
				CLANG_WARN_INT_CONVERSION = YES;
				CLANG_WARN_OBJC_ROOT_CLASS = YES_ERROR;
				CLANG_WARN_UNREACHABLE_CODE = YES;
				CLANG_WARN__DUPLICATE_METHOD_MATCH = YES;
				"CODE_SIGN_IDENTITY[sdk=iphoneos*]" = "iPhone Developer";
				COPY_PHASE_STRIP = NO;
				DEBUG_INFORMATION_FORMAT = "dwarf-with-dsym";
				ENABLE_NS_ASSERTIONS = NO;
				ENABLE_STRICT_OBJC_MSGSEND = YES;
				GCC_C_LANGUAGE_STANDARD = gnu99;
				GCC_NO_COMMON_BLOCKS = YES;
				GCC_WARN_64_TO_32_BIT_CONVERSION = YES;
				GCC_WARN_ABOUT_RETURN_TYPE = YES_ERROR;
				GCC_WARN_UNDECLARED_SELECTOR = YES;
				GCC_WARN_UNINITIALIZED_AUTOS = YES_AGGRESSIVE;
				GCC_WARN_UNUSED_FUNCTION = YES;
				GCC_WARN_UNUSED_VARIABLE = YES;
				IPHONEOS_DEPLOYMENT_TARGET = 8.3;
				MTL_ENABLE_DEBUG_INFO = NO;
				SDKROOT = iphoneos;
				VALIDATE_PRODUCT = YES;
			};
			name = Release;
		};
		BEC3EBE51AE930EB00CB4EF7 /* Debug */ = {
			isa = XCBuildConfiguration;
			baseConfigurationReference = 2F22966C09BC382F959554EF /* Pods-SoundTouch.debug.xcconfig */;
			buildSettings = {
				ASSETCATALOG_COMPILER_APPICON_NAME = AppIcon;
				FRAMEWORK_SEARCH_PATHS = (
					"$(inherited)",
					"$(PROJECT_DIR)/build/Debug-iphoneos/Pods-SoundTouch",
				);
				INFOPLIST_FILE = SoundTouch/Info.plist;
				LD_RUNPATH_SEARCH_PATHS = "$(inherited) @executable_path/Frameworks";
				PRODUCT_NAME = "$(TARGET_NAME)";
			};
			name = Debug;
		};
		BEC3EBE61AE930EB00CB4EF7 /* Release */ = {
			isa = XCBuildConfiguration;
			baseConfigurationReference = 71ECFE381D553BEEC1DD0F3E /* Pods-SoundTouch.release.xcconfig */;
			buildSettings = {
				ASSETCATALOG_COMPILER_APPICON_NAME = AppIcon;
				FRAMEWORK_SEARCH_PATHS = (
					"$(inherited)",
					"$(PROJECT_DIR)/build/Debug-iphoneos/Pods-SoundTouch",
				);
				INFOPLIST_FILE = SoundTouch/Info.plist;
				LD_RUNPATH_SEARCH_PATHS = "$(inherited) @executable_path/Frameworks";
				PRODUCT_NAME = "$(TARGET_NAME)";
			};
			name = Release;
		};
		BEC3EBE81AE930EB00CB4EF7 /* Debug */ = {
			isa = XCBuildConfiguration;
			buildSettings = {
				BUNDLE_LOADER = "$(TEST_HOST)";
				FRAMEWORK_SEARCH_PATHS = (
					"$(SDKROOT)/Developer/Library/Frameworks",
					"$(inherited)",
				);
				GCC_PREPROCESSOR_DEFINITIONS = (
					"DEBUG=1",
					"$(inherited)",
				);
				INFOPLIST_FILE = SoundTouchTests/Info.plist;
				LD_RUNPATH_SEARCH_PATHS = "$(inherited) @executable_path/Frameworks @loader_path/Frameworks";
				PRODUCT_NAME = "$(TARGET_NAME)";
				TEST_HOST = "$(BUILT_PRODUCTS_DIR)/SoundTouch.app/SoundTouch";
			};
			name = Debug;
		};
		BEC3EBE91AE930EB00CB4EF7 /* Release */ = {
			isa = XCBuildConfiguration;
			buildSettings = {
				BUNDLE_LOADER = "$(TEST_HOST)";
				FRAMEWORK_SEARCH_PATHS = (
					"$(SDKROOT)/Developer/Library/Frameworks",
					"$(inherited)",
				);
				INFOPLIST_FILE = SoundTouchTests/Info.plist;
				LD_RUNPATH_SEARCH_PATHS = "$(inherited) @executable_path/Frameworks @loader_path/Frameworks";
				PRODUCT_NAME = "$(TARGET_NAME)";
				TEST_HOST = "$(BUILT_PRODUCTS_DIR)/SoundTouch.app/SoundTouch";
			};
			name = Release;
		};
/* End XCBuildConfiguration section */

/* Begin XCConfigurationList section */
		BEC3EBC01AE930EA00CB4EF7 /* Build configuration list for PBXProject "SoundTouch" */ = {
			isa = XCConfigurationList;
			buildConfigurations = (
				BEC3EBE21AE930EB00CB4EF7 /* Debug */,
				BEC3EBE31AE930EB00CB4EF7 /* Release */,
			);
			defaultConfigurationIsVisible = 0;
			defaultConfigurationName = Release;
		};
		BEC3EBE41AE930EB00CB4EF7 /* Build configuration list for PBXNativeTarget "SoundTouch" */ = {
			isa = XCConfigurationList;
			buildConfigurations = (
				BEC3EBE51AE930EB00CB4EF7 /* Debug */,
				BEC3EBE61AE930EB00CB4EF7 /* Release */,
			);
			defaultConfigurationIsVisible = 0;
			defaultConfigurationName = Release;
		};
		BEC3EBE71AE930EB00CB4EF7 /* Build configuration list for PBXNativeTarget "SoundTouchTests" */ = {
			isa = XCConfigurationList;
			buildConfigurations = (
				BEC3EBE81AE930EB00CB4EF7 /* Debug */,
				BEC3EBE91AE930EB00CB4EF7 /* Release */,
			);
			defaultConfigurationIsVisible = 0;
			defaultConfigurationName = Release;
		};
/* End XCConfigurationList section */

/* Begin XCVersionGroup section */
		02D8C2A11AE9EF1D0000120B /* SoundTouch.xcdatamodeld */ = {
			isa = XCVersionGroup;
			children = (
				02D8C2A21AE9EF1D0000120B /* SoundTouch.xcdatamodel */,
			);
			currentVersion = 02D8C2A21AE9EF1D0000120B /* SoundTouch.xcdatamodel */;
			path = SoundTouch.xcdatamodeld;
			sourceTree = "<group>";
			versionGroupType = wrapper.xcdatamodel;
		};
/* End XCVersionGroup section */
	};
	rootObject = BEC3EBBD1AE930EA00CB4EF7 /* Project object */;
}
